// !$*UTF8*$!
{
	archiveVersion = 1;
	classes = {
	};
	objectVersion = 50;
	objects = {

/* Begin PBXBuildFile section */
		032E8A6C240726D400BE0144 /* File.swift in Sources */ = {isa = PBXBuildFile; fileRef = 032E8A6B240726D400BE0144 /* File.swift */; };
		032E8A6E240727EB00BE0144 /* ThreadHelper.swift in Sources */ = {isa = PBXBuildFile; fileRef = 032E8A6D240727EB00BE0144 /* ThreadHelper.swift */; };
		032E8A702407329900BE0144 /* GetCityFileAsync.swift in Sources */ = {isa = PBXBuildFile; fileRef = 032E8A6F2407329900BE0144 /* GetCityFileAsync.swift */; };
		032E8A72240736F300BE0144 /* CityFile.swift in Sources */ = {isa = PBXBuildFile; fileRef = 032E8A71240736F300BE0144 /* CityFile.swift */; };
		032E8A7524073AAB00BE0144 /* CityCellViewModel.swift in Sources */ = {isa = PBXBuildFile; fileRef = 032E8A7424073AAB00BE0144 /* CityCellViewModel.swift */; };
		032E8A79240742DA00BE0144 /* BaseTableViewCell.swift in Sources */ = {isa = PBXBuildFile; fileRef = 032E8A78240742DA00BE0144 /* BaseTableViewCell.swift */; };
		032E8A7B240743F800BE0144 /* BaseViewController.swift in Sources */ = {isa = PBXBuildFile; fileRef = 032E8A7A240743F800BE0144 /* BaseViewController.swift */; };
		032E8A7E2407443E00BE0144 /* UIViewExtension.swift in Sources */ = {isa = PBXBuildFile; fileRef = 032E8A7D2407443E00BE0144 /* UIViewExtension.swift */; };
		032E8A802407446700BE0144 /* UITableViewExtension.swift in Sources */ = {isa = PBXBuildFile; fileRef = 032E8A7F2407446700BE0144 /* UITableViewExtension.swift */; };
		032E8A832407462F00BE0144 /* CityTableViewCell.swift in Sources */ = {isa = PBXBuildFile; fileRef = 032E8A812407462F00BE0144 /* CityTableViewCell.swift */; };
		032E8A842407462F00BE0144 /* CityTableViewCell.xib in Resources */ = {isa = PBXBuildFile; fileRef = 032E8A822407462F00BE0144 /* CityTableViewCell.xib */; };
		032E8A8624074FF400BE0144 /* CityListViewModel.swift in Sources */ = {isa = PBXBuildFile; fileRef = 032E8A8524074FF400BE0144 /* CityListViewModel.swift */; };
		0337A4572408A51200AED836 /* MapViewController.swift in Sources */ = {isa = PBXBuildFile; fileRef = 0337A4562408A51100AED836 /* MapViewController.swift */; };
		0343F77C240AB9A500EA3BE9 /* CityListViewModelTests.swift in Sources */ = {isa = PBXBuildFile; fileRef = 0343F77B240AB9A400EA3BE9 /* CityListViewModelTests.swift */; };
		0343F77E240AB9D600EA3BE9 /* MockGetCityFileAsync.swift in Sources */ = {isa = PBXBuildFile; fileRef = 0343F77D240AB9D600EA3BE9 /* MockGetCityFileAsync.swift */; };
		0343F781240ABBED00EA3BE9 /* DebugExtension.swift in Sources */ = {isa = PBXBuildFile; fileRef = 0343F780240ABBED00EA3BE9 /* DebugExtension.swift */; };
		0343F783240BE61000EA3BE9 /* MockCityListViewModelDelegate.swift in Sources */ = {isa = PBXBuildFile; fileRef = 0343F782240BE61000EA3BE9 /* MockCityListViewModelDelegate.swift */; };
		03F8BCC22405E3B6009FA31D /* AppDelegate.swift in Sources */ = {isa = PBXBuildFile; fileRef = 03F8BCC12405E3B6009FA31D /* AppDelegate.swift */; };
		03F8BCC42405E3B6009FA31D /* SceneDelegate.swift in Sources */ = {isa = PBXBuildFile; fileRef = 03F8BCC32405E3B6009FA31D /* SceneDelegate.swift */; };
		03F8BCC62405E3B6009FA31D /* CityListViewController.swift in Sources */ = {isa = PBXBuildFile; fileRef = 03F8BCC52405E3B6009FA31D /* CityListViewController.swift */; };
		03F8BCCB2405E3B8009FA31D /* Assets.xcassets in Resources */ = {isa = PBXBuildFile; fileRef = 03F8BCCA2405E3B8009FA31D /* Assets.xcassets */; };
		03F8BCCE2405E3B8009FA31D /* LaunchScreen.storyboard in Resources */ = {isa = PBXBuildFile; fileRef = 03F8BCCC2405E3B8009FA31D /* LaunchScreen.storyboard */; };
		03F8BCE92405E618009FA31D /* ArrayIndexTrie.swift in Sources */ = {isa = PBXBuildFile; fileRef = 03F8BCE82405E618009FA31D /* ArrayIndexTrie.swift */; };
		03F8BCEC2405EE8D009FA31D /* Indexsable.swift in Sources */ = {isa = PBXBuildFile; fileRef = 03F8BCEB2405EE8D009FA31D /* Indexsable.swift */; };
		03F8BCEE2405F357009FA31D /* ArrayIndexTrieTests.swift in Sources */ = {isa = PBXBuildFile; fileRef = 03F8BCED2405F357009FA31D /* ArrayIndexTrieTests.swift */; };
		03F8BCF22405F3C9009FA31D /* MockIndexable.swift in Sources */ = {isa = PBXBuildFile; fileRef = 03F8BCF12405F3C9009FA31D /* MockIndexable.swift */; };
		03F8BCF524060171009FA31D /* cities.json in Resources */ = {isa = PBXBuildFile; fileRef = 03F8BCF424060171009FA31D /* cities.json */; };
		03F8BCF924060219009FA31D /* City.swift in Sources */ = {isa = PBXBuildFile; fileRef = 03F8BCF824060219009FA31D /* City.swift */; };
		03F8BCFB24060545009FA31D /* Location.swift in Sources */ = {isa = PBXBuildFile; fileRef = 03F8BCFA24060545009FA31D /* Location.swift */; };
/* End PBXBuildFile section */

/* Begin PBXContainerItemProxy section */
		03F8BCD52405E3B9009FA31D /* PBXContainerItemProxy */ = {
			isa = PBXContainerItemProxy;
			containerPortal = 03F8BCB62405E3B6009FA31D /* Project object */;
			proxyType = 1;
			remoteGlobalIDString = 03F8BCBD2405E3B6009FA31D;
			remoteInfo = CityList;
		};
/* End PBXContainerItemProxy section */

/* Begin PBXFileReference section */
		032E8A6B240726D400BE0144 /* File.swift */ = {isa = PBXFileReference; lastKnownFileType = sourcecode.swift; path = File.swift; sourceTree = "<group>"; };
		032E8A6D240727EB00BE0144 /* ThreadHelper.swift */ = {isa = PBXFileReference; lastKnownFileType = sourcecode.swift; path = ThreadHelper.swift; sourceTree = "<group>"; };
		032E8A6F2407329900BE0144 /* GetCityFileAsync.swift */ = {isa = PBXFileReference; lastKnownFileType = sourcecode.swift; path = GetCityFileAsync.swift; sourceTree = "<group>"; };
		032E8A71240736F300BE0144 /* CityFile.swift */ = {isa = PBXFileReference; lastKnownFileType = sourcecode.swift; path = CityFile.swift; sourceTree = "<group>"; };
		032E8A7424073AAB00BE0144 /* CityCellViewModel.swift */ = {isa = PBXFileReference; lastKnownFileType = sourcecode.swift; path = CityCellViewModel.swift; sourceTree = "<group>"; };
		032E8A78240742DA00BE0144 /* BaseTableViewCell.swift */ = {isa = PBXFileReference; lastKnownFileType = sourcecode.swift; path = BaseTableViewCell.swift; sourceTree = "<group>"; };
		032E8A7A240743F800BE0144 /* BaseViewController.swift */ = {isa = PBXFileReference; lastKnownFileType = sourcecode.swift; path = BaseViewController.swift; sourceTree = "<group>"; };
		032E8A7D2407443E00BE0144 /* UIViewExtension.swift */ = {isa = PBXFileReference; lastKnownFileType = sourcecode.swift; path = UIViewExtension.swift; sourceTree = "<group>"; };
		032E8A7F2407446700BE0144 /* UITableViewExtension.swift */ = {isa = PBXFileReference; lastKnownFileType = sourcecode.swift; path = UITableViewExtension.swift; sourceTree = "<group>"; };
		032E8A812407462F00BE0144 /* CityTableViewCell.swift */ = {isa = PBXFileReference; lastKnownFileType = sourcecode.swift; path = CityTableViewCell.swift; sourceTree = "<group>"; };
		032E8A822407462F00BE0144 /* CityTableViewCell.xib */ = {isa = PBXFileReference; lastKnownFileType = file.xib; path = CityTableViewCell.xib; sourceTree = "<group>"; };
		032E8A8524074FF400BE0144 /* CityListViewModel.swift */ = {isa = PBXFileReference; lastKnownFileType = sourcecode.swift; path = CityListViewModel.swift; sourceTree = "<group>"; };
		0337A4562408A51100AED836 /* MapViewController.swift */ = {isa = PBXFileReference; lastKnownFileType = sourcecode.swift; path = MapViewController.swift; sourceTree = "<group>"; };
		0343F77B240AB9A400EA3BE9 /* CityListViewModelTests.swift */ = {isa = PBXFileReference; lastKnownFileType = sourcecode.swift; path = CityListViewModelTests.swift; sourceTree = "<group>"; };
		0343F77D240AB9D600EA3BE9 /* MockGetCityFileAsync.swift */ = {isa = PBXFileReference; lastKnownFileType = sourcecode.swift; path = MockGetCityFileAsync.swift; sourceTree = "<group>"; };
		0343F780240ABBED00EA3BE9 /* DebugExtension.swift */ = {isa = PBXFileReference; lastKnownFileType = sourcecode.swift; path = DebugExtension.swift; sourceTree = "<group>"; };
		0343F782240BE61000EA3BE9 /* MockCityListViewModelDelegate.swift */ = {isa = PBXFileReference; lastKnownFileType = sourcecode.swift; path = MockCityListViewModelDelegate.swift; sourceTree = "<group>"; };
		03F8BCBE2405E3B6009FA31D /* CityList.app */ = {isa = PBXFileReference; explicitFileType = wrapper.application; includeInIndex = 0; path = CityList.app; sourceTree = BUILT_PRODUCTS_DIR; };
		03F8BCC12405E3B6009FA31D /* AppDelegate.swift */ = {isa = PBXFileReference; lastKnownFileType = sourcecode.swift; path = AppDelegate.swift; sourceTree = "<group>"; };
		03F8BCC32405E3B6009FA31D /* SceneDelegate.swift */ = {isa = PBXFileReference; lastKnownFileType = sourcecode.swift; path = SceneDelegate.swift; sourceTree = "<group>"; };
		03F8BCC52405E3B6009FA31D /* CityListViewController.swift */ = {isa = PBXFileReference; lastKnownFileType = sourcecode.swift; path = CityListViewController.swift; sourceTree = "<group>"; };
		03F8BCCA2405E3B8009FA31D /* Assets.xcassets */ = {isa = PBXFileReference; lastKnownFileType = folder.assetcatalog; path = Assets.xcassets; sourceTree = "<group>"; };
		03F8BCCD2405E3B8009FA31D /* Base */ = {isa = PBXFileReference; lastKnownFileType = file.storyboard; name = Base; path = Base.lproj/LaunchScreen.storyboard; sourceTree = "<group>"; };
		03F8BCCF2405E3B8009FA31D /* Info.plist */ = {isa = PBXFileReference; lastKnownFileType = text.plist.xml; path = Info.plist; sourceTree = "<group>"; };
		03F8BCD42405E3B9009FA31D /* CityListTests.xctest */ = {isa = PBXFileReference; explicitFileType = wrapper.cfbundle; includeInIndex = 0; path = CityListTests.xctest; sourceTree = BUILT_PRODUCTS_DIR; };
		03F8BCDA2405E3B9009FA31D /* Info.plist */ = {isa = PBXFileReference; lastKnownFileType = text.plist.xml; path = Info.plist; sourceTree = "<group>"; };
		03F8BCE82405E618009FA31D /* ArrayIndexTrie.swift */ = {isa = PBXFileReference; lastKnownFileType = sourcecode.swift; path = ArrayIndexTrie.swift; sourceTree = "<group>"; };
		03F8BCEB2405EE8D009FA31D /* Indexsable.swift */ = {isa = PBXFileReference; lastKnownFileType = sourcecode.swift; path = Indexsable.swift; sourceTree = "<group>"; };
		03F8BCED2405F357009FA31D /* ArrayIndexTrieTests.swift */ = {isa = PBXFileReference; lastKnownFileType = sourcecode.swift; path = ArrayIndexTrieTests.swift; sourceTree = "<group>"; };
		03F8BCF12405F3C9009FA31D /* MockIndexable.swift */ = {isa = PBXFileReference; lastKnownFileType = sourcecode.swift; path = MockIndexable.swift; sourceTree = "<group>"; };
		03F8BCF424060171009FA31D /* cities.json */ = {isa = PBXFileReference; fileEncoding = 4; lastKnownFileType = text.json; path = cities.json; sourceTree = "<group>"; };
		03F8BCF824060219009FA31D /* City.swift */ = {isa = PBXFileReference; lastKnownFileType = sourcecode.swift; path = City.swift; sourceTree = "<group>"; };
		03F8BCFA24060545009FA31D /* Location.swift */ = {isa = PBXFileReference; lastKnownFileType = sourcecode.swift; path = Location.swift; sourceTree = "<group>"; };
/* End PBXFileReference section */

/* Begin PBXFrameworksBuildPhase section */
		03F8BCBB2405E3B6009FA31D /* Frameworks */ = {
			isa = PBXFrameworksBuildPhase;
			buildActionMask = 2147483647;
			files = (
			);
			runOnlyForDeploymentPostprocessing = 0;
		};
		03F8BCD12405E3B9009FA31D /* Frameworks */ = {
			isa = PBXFrameworksBuildPhase;
			buildActionMask = 2147483647;
			files = (
			);
			runOnlyForDeploymentPostprocessing = 0;
		};
/* End PBXFrameworksBuildPhase section */

/* Begin PBXGroup section */
		032E8A7324073A4900BE0144 /* ViewModel */ = {
			isa = PBXGroup;
			children = (
				032E8A7424073AAB00BE0144 /* CityCellViewModel.swift */,
				032E8A8524074FF400BE0144 /* CityListViewModel.swift */,
			);
			path = ViewModel;
			sourceTree = "<group>";
		};
		032E8A76240742AF00BE0144 /* View */ = {
			isa = PBXGroup;
			children = (
				032E8A77240742B800BE0144 /* Cell */,
			);
			path = View;
			sourceTree = "<group>";
		};
		032E8A77240742B800BE0144 /* Cell */ = {
			isa = PBXGroup;
			children = (
				032E8A78240742DA00BE0144 /* BaseTableViewCell.swift */,
				032E8A812407462F00BE0144 /* CityTableViewCell.swift */,
				032E8A822407462F00BE0144 /* CityTableViewCell.xib */,
			);
			path = Cell;
			sourceTree = "<group>";
		};
		032E8A7C2407443000BE0144 /* Extension */ = {
			isa = PBXGroup;
			children = (
				032E8A7D2407443E00BE0144 /* UIViewExtension.swift */,
				032E8A7F2407446700BE0144 /* UITableViewExtension.swift */,
			);
			path = Extension;
			sourceTree = "<group>";
		};
		0343F77A240AB98200EA3BE9 /* ViewModel */ = {
			isa = PBXGroup;
			children = (
				0343F77B240AB9A400EA3BE9 /* CityListViewModelTests.swift */,
			);
			path = ViewModel;
			sourceTree = "<group>";
		};
		0343F77F240ABBD500EA3BE9 /* Extension */ = {
			isa = PBXGroup;
			children = (
				0343F780240ABBED00EA3BE9 /* DebugExtension.swift */,
			);
			path = Extension;
			sourceTree = "<group>";
		};
		03F8BCB52405E3B6009FA31D = {
			isa = PBXGroup;
			children = (
				03F8BCC02405E3B6009FA31D /* CityList */,
				03F8BCD72405E3B9009FA31D /* CityListTests */,
				03F8BCBF2405E3B6009FA31D /* Products */,
			);
			sourceTree = "<group>";
		};
		03F8BCBF2405E3B6009FA31D /* Products */ = {
			isa = PBXGroup;
			children = (
				03F8BCBE2405E3B6009FA31D /* CityList.app */,
				03F8BCD42405E3B9009FA31D /* CityListTests.xctest */,
			);
			name = Products;
			sourceTree = "<group>";
		};
		03F8BCC02405E3B6009FA31D /* CityList */ = {
			isa = PBXGroup;
			children = (
				032E8A7C2407443000BE0144 /* Extension */,
				032E8A76240742AF00BE0144 /* View */,
				032E8A7324073A4900BE0144 /* ViewModel */,
				03F8BCF624060180009FA31D /* Model */,
				03F8BCEA2405EE61009FA31D /* Protocol */,
				03F8BCE62405E574009FA31D /* Helper */,
				03F8BCE52405E409009FA31D /* Storyboard */,
				03F8BCE42405E3F6009FA31D /* Delegate */,
				03F8BCE32405E3E9009FA31D /* Controller */,
				03F8BCCA2405E3B8009FA31D /* Assets.xcassets */,
				03F8BCCF2405E3B8009FA31D /* Info.plist */,
			);
			path = CityList;
			sourceTree = "<group>";
		};
		03F8BCD72405E3B9009FA31D /* CityListTests */ = {
			isa = PBXGroup;
			children = (
				0343F77F240ABBD500EA3BE9 /* Extension */,
				0343F77A240AB98200EA3BE9 /* ViewModel */,
				03F8BCF02405F3B4009FA31D /* Mock */,
				03F8BCEF2405F35C009FA31D /* Helper */,
				03F8BCDA2405E3B9009FA31D /* Info.plist */,
			);
			path = CityListTests;
			sourceTree = "<group>";
		};
		03F8BCE32405E3E9009FA31D /* Controller */ = {
			isa = PBXGroup;
			children = (
				03F8BCC52405E3B6009FA31D /* CityListViewController.swift */,
				032E8A7A240743F800BE0144 /* BaseViewController.swift */,
				0337A4562408A51100AED836 /* MapViewController.swift */,
			);
			path = Controller;
			sourceTree = "<group>";
		};
		03F8BCE42405E3F6009FA31D /* Delegate */ = {
			isa = PBXGroup;
			children = (
				03F8BCC12405E3B6009FA31D /* AppDelegate.swift */,
				03F8BCC32405E3B6009FA31D /* SceneDelegate.swift */,
			);
			path = Delegate;
			sourceTree = "<group>";
		};
		03F8BCE52405E409009FA31D /* Storyboard */ = {
			isa = PBXGroup;
			children = (
				03F8BCCC2405E3B8009FA31D /* LaunchScreen.storyboard */,
			);
			path = Storyboard;
			sourceTree = "<group>";
		};
		03F8BCE62405E574009FA31D /* Helper */ = {
			isa = PBXGroup;
			children = (
				03F8BCE72405E57E009FA31D /* Trie */,
				032E8A6D240727EB00BE0144 /* ThreadHelper.swift */,
			);
			path = Helper;
			sourceTree = "<group>";
		};
		03F8BCE72405E57E009FA31D /* Trie */ = {
			isa = PBXGroup;
			children = (
				03F8BCE82405E618009FA31D /* ArrayIndexTrie.swift */,
			);
			path = Trie;
			sourceTree = "<group>";
		};
		03F8BCEA2405EE61009FA31D /* Protocol */ = {
			isa = PBXGroup;
			children = (
				03F8BCEB2405EE8D009FA31D /* Indexsable.swift */,
				032E8A6F2407329900BE0144 /* GetCityFileAsync.swift */,
			);
			path = Protocol;
			sourceTree = "<group>";
		};
		03F8BCEF2405F35C009FA31D /* Helper */ = {
			isa = PBXGroup;
			children = (
				03F8BCED2405F357009FA31D /* ArrayIndexTrieTests.swift */,
			);
			path = Helper;
			sourceTree = "<group>";
		};
		03F8BCF02405F3B4009FA31D /* Mock */ = {
			isa = PBXGroup;
			children = (
				03F8BCF12405F3C9009FA31D /* MockIndexable.swift */,
				0343F77D240AB9D600EA3BE9 /* MockGetCityFileAsync.swift */,
				0343F782240BE61000EA3BE9 /* MockCityListViewModelDelegate.swift */,
			);
			path = Mock;
			sourceTree = "<group>";
		};
		03F8BCF32406015E009FA31D /* Json */ = {
			isa = PBXGroup;
			children = (
				03F8BCF424060171009FA31D /* cities.json */,
			);
			path = Json;
			sourceTree = "<group>";
		};
		03F8BCF624060180009FA31D /* Model */ = {
			isa = PBXGroup;
			children = (
				03F8BCF32406015E009FA31D /* Json */,
				03F8BCF724060191009FA31D /* Object */,
			);
			path = Model;
			sourceTree = "<group>";
		};
		03F8BCF724060191009FA31D /* Object */ = {
			isa = PBXGroup;
			children = (
				032E8A6B240726D400BE0144 /* File.swift */,
				03F8BCF824060219009FA31D /* City.swift */,
				03F8BCFA24060545009FA31D /* Location.swift */,
				032E8A71240736F300BE0144 /* CityFile.swift */,
			);
			path = Object;
			sourceTree = "<group>";
		};
/* End PBXGroup section */

/* Begin PBXNativeTarget section */
		03F8BCBD2405E3B6009FA31D /* CityList */ = {
			isa = PBXNativeTarget;
			buildConfigurationList = 03F8BCDD2405E3B9009FA31D /* Build configuration list for PBXNativeTarget "CityList" */;
			buildPhases = (
				03F8BCBA2405E3B6009FA31D /* Sources */,
				03F8BCBB2405E3B6009FA31D /* Frameworks */,
				03F8BCBC2405E3B6009FA31D /* Resources */,
			);
			buildRules = (
			);
			dependencies = (
			);
			name = CityList;
			productName = CityList;
			productReference = 03F8BCBE2405E3B6009FA31D /* CityList.app */;
			productType = "com.apple.product-type.application";
		};
		03F8BCD32405E3B9009FA31D /* CityListTests */ = {
			isa = PBXNativeTarget;
			buildConfigurationList = 03F8BCE02405E3B9009FA31D /* Build configuration list for PBXNativeTarget "CityListTests" */;
			buildPhases = (
				03F8BCD02405E3B9009FA31D /* Sources */,
				03F8BCD12405E3B9009FA31D /* Frameworks */,
				03F8BCD22405E3B9009FA31D /* Resources */,
			);
			buildRules = (
			);
			dependencies = (
				03F8BCD62405E3B9009FA31D /* PBXTargetDependency */,
			);
			name = CityListTests;
			productName = CityListTests;
			productReference = 03F8BCD42405E3B9009FA31D /* CityListTests.xctest */;
			productType = "com.apple.product-type.bundle.unit-test";
		};
/* End PBXNativeTarget section */

/* Begin PBXProject section */
		03F8BCB62405E3B6009FA31D /* Project object */ = {
			isa = PBXProject;
			attributes = {
				LastSwiftUpdateCheck = 1130;
				LastUpgradeCheck = 1130;
				ORGANIZATIONNAME = Elano;
				TargetAttributes = {
					03F8BCBD2405E3B6009FA31D = {
						CreatedOnToolsVersion = 11.3.1;
					};
					03F8BCD32405E3B9009FA31D = {
						CreatedOnToolsVersion = 11.3.1;
						TestTargetID = 03F8BCBD2405E3B6009FA31D;
					};
				};
			};
			buildConfigurationList = 03F8BCB92405E3B6009FA31D /* Build configuration list for PBXProject "CityList" */;
			compatibilityVersion = "Xcode 9.3";
			developmentRegion = en;
			hasScannedForEncodings = 0;
			knownRegions = (
				en,
				Base,
			);
			mainGroup = 03F8BCB52405E3B6009FA31D;
			productRefGroup = 03F8BCBF2405E3B6009FA31D /* Products */;
			projectDirPath = "";
			projectRoot = "";
			targets = (
				03F8BCBD2405E3B6009FA31D /* CityList */,
				03F8BCD32405E3B9009FA31D /* CityListTests */,
			);
		};
/* End PBXProject section */

/* Begin PBXResourcesBuildPhase section */
		03F8BCBC2405E3B6009FA31D /* Resources */ = {
			isa = PBXResourcesBuildPhase;
			buildActionMask = 2147483647;
			files = (
				032E8A842407462F00BE0144 /* CityTableViewCell.xib in Resources */,
				03F8BCF524060171009FA31D /* cities.json in Resources */,
				03F8BCCE2405E3B8009FA31D /* LaunchScreen.storyboard in Resources */,
				03F8BCCB2405E3B8009FA31D /* Assets.xcassets in Resources */,
			);
			runOnlyForDeploymentPostprocessing = 0;
		};
		03F8BCD22405E3B9009FA31D /* Resources */ = {
			isa = PBXResourcesBuildPhase;
			buildActionMask = 2147483647;
			files = (
			);
			runOnlyForDeploymentPostprocessing = 0;
		};
/* End PBXResourcesBuildPhase section */

/* Begin PBXSourcesBuildPhase section */
		03F8BCBA2405E3B6009FA31D /* Sources */ = {
			isa = PBXSourcesBuildPhase;
			buildActionMask = 2147483647;
			files = (
				032E8A7E2407443E00BE0144 /* UIViewExtension.swift in Sources */,
				03F8BCC62405E3B6009FA31D /* CityListViewController.swift in Sources */,
				032E8A832407462F00BE0144 /* CityTableViewCell.swift in Sources */,
				032E8A8624074FF400BE0144 /* CityListViewModel.swift in Sources */,
				03F8BCEC2405EE8D009FA31D /* Indexsable.swift in Sources */,
				032E8A802407446700BE0144 /* UITableViewExtension.swift in Sources */,
				03F8BCF924060219009FA31D /* City.swift in Sources */,
				0337A4572408A51200AED836 /* MapViewController.swift in Sources */,
				03F8BCC22405E3B6009FA31D /* AppDelegate.swift in Sources */,
				032E8A6E240727EB00BE0144 /* ThreadHelper.swift in Sources */,
				032E8A7B240743F800BE0144 /* BaseViewController.swift in Sources */,
				032E8A7524073AAB00BE0144 /* CityCellViewModel.swift in Sources */,
				032E8A72240736F300BE0144 /* CityFile.swift in Sources */,
				03F8BCE92405E618009FA31D /* ArrayIndexTrie.swift in Sources */,
				03F8BCC42405E3B6009FA31D /* SceneDelegate.swift in Sources */,
				032E8A6C240726D400BE0144 /* File.swift in Sources */,
				03F8BCFB24060545009FA31D /* Location.swift in Sources */,
				032E8A79240742DA00BE0144 /* BaseTableViewCell.swift in Sources */,
				032E8A702407329900BE0144 /* GetCityFileAsync.swift in Sources */,
			);
			runOnlyForDeploymentPostprocessing = 0;
		};
		03F8BCD02405E3B9009FA31D /* Sources */ = {
			isa = PBXSourcesBuildPhase;
			buildActionMask = 2147483647;
			files = (
				03F8BCEE2405F357009FA31D /* ArrayIndexTrieTests.swift in Sources */,
				0343F781240ABBED00EA3BE9 /* DebugExtension.swift in Sources */,
				03F8BCF22405F3C9009FA31D /* MockIndexable.swift in Sources */,
				0343F783240BE61000EA3BE9 /* MockCityListViewModelDelegate.swift in Sources */,
				0343F77E240AB9D600EA3BE9 /* MockGetCityFileAsync.swift in Sources */,
				0343F77C240AB9A500EA3BE9 /* CityListViewModelTests.swift in Sources */,
			);
			runOnlyForDeploymentPostprocessing = 0;
		};
/* End PBXSourcesBuildPhase section */

/* Begin PBXTargetDependency section */
		03F8BCD62405E3B9009FA31D /* PBXTargetDependency */ = {
			isa = PBXTargetDependency;
			target = 03F8BCBD2405E3B6009FA31D /* CityList */;
			targetProxy = 03F8BCD52405E3B9009FA31D /* PBXContainerItemProxy */;
		};
/* End PBXTargetDependency section */

/* Begin PBXVariantGroup section */
		03F8BCCC2405E3B8009FA31D /* LaunchScreen.storyboard */ = {
			isa = PBXVariantGroup;
			children = (
				03F8BCCD2405E3B8009FA31D /* Base */,
			);
			name = LaunchScreen.storyboard;
			sourceTree = "<group>";
		};
/* End PBXVariantGroup section */

/* Begin XCBuildConfiguration section */
		03F8BCDB2405E3B9009FA31D /* Debug */ = {
			isa = XCBuildConfiguration;
			buildSettings = {
				ALWAYS_SEARCH_USER_PATHS = NO;
				CLANG_ANALYZER_NONNULL = YES;
				CLANG_ANALYZER_NUMBER_OBJECT_CONVERSION = YES_AGGRESSIVE;
				CLANG_CXX_LANGUAGE_STANDARD = "gnu++14";
				CLANG_CXX_LIBRARY = "libc++";
				CLANG_ENABLE_MODULES = YES;
				CLANG_ENABLE_OBJC_ARC = YES;
				CLANG_ENABLE_OBJC_WEAK = YES;
				CLANG_WARN_BLOCK_CAPTURE_AUTORELEASING = YES;
				CLANG_WARN_BOOL_CONVERSION = YES;
				CLANG_WARN_COMMA = YES;
				CLANG_WARN_CONSTANT_CONVERSION = YES;
				CLANG_WARN_DEPRECATED_OBJC_IMPLEMENTATIONS = YES;
				CLANG_WARN_DIRECT_OBJC_ISA_USAGE = YES_ERROR;
				CLANG_WARN_DOCUMENTATION_COMMENTS = YES;
				CLANG_WARN_EMPTY_BODY = YES;
				CLANG_WARN_ENUM_CONVERSION = YES;
				CLANG_WARN_INFINITE_RECURSION = YES;
				CLANG_WARN_INT_CONVERSION = YES;
				CLANG_WARN_NON_LITERAL_NULL_CONVERSION = YES;
				CLANG_WARN_OBJC_IMPLICIT_RETAIN_SELF = YES;
				CLANG_WARN_OBJC_LITERAL_CONVERSION = YES;
				CLANG_WARN_OBJC_ROOT_CLASS = YES_ERROR;
				CLANG_WARN_RANGE_LOOP_ANALYSIS = YES;
				CLANG_WARN_STRICT_PROTOTYPES = YES;
				CLANG_WARN_SUSPICIOUS_MOVE = YES;
				CLANG_WARN_UNGUARDED_AVAILABILITY = YES_AGGRESSIVE;
				CLANG_WARN_UNREACHABLE_CODE = YES;
				CLANG_WARN__DUPLICATE_METHOD_MATCH = YES;
				COPY_PHASE_STRIP = NO;
				DEBUG_INFORMATION_FORMAT = dwarf;
				ENABLE_STRICT_OBJC_MSGSEND = YES;
				ENABLE_TESTABILITY = YES;
				GCC_C_LANGUAGE_STANDARD = gnu11;
				GCC_DYNAMIC_NO_PIC = NO;
				GCC_NO_COMMON_BLOCKS = YES;
				GCC_OPTIMIZATION_LEVEL = 0;
				GCC_PREPROCESSOR_DEFINITIONS = (
					"DEBUG=1",
					"$(inherited)",
				);
				GCC_WARN_64_TO_32_BIT_CONVERSION = YES;
				GCC_WARN_ABOUT_RETURN_TYPE = YES_ERROR;
				GCC_WARN_UNDECLARED_SELECTOR = YES;
				GCC_WARN_UNINITIALIZED_AUTOS = YES_AGGRESSIVE;
				GCC_WARN_UNUSED_FUNCTION = YES;
				GCC_WARN_UNUSED_VARIABLE = YES;
				IPHONEOS_DEPLOYMENT_TARGET = 13.2;
				MTL_ENABLE_DEBUG_INFO = INCLUDE_SOURCE;
				MTL_FAST_MATH = YES;
				ONLY_ACTIVE_ARCH = YES;
				SDKROOT = iphoneos;
				SWIFT_ACTIVE_COMPILATION_CONDITIONS = DEBUG;
				SWIFT_OPTIMIZATION_LEVEL = "-Onone";
			};
			name = Debug;
		};
		03F8BCDC2405E3B9009FA31D /* Release */ = {
			isa = XCBuildConfiguration;
			buildSettings = {
				ALWAYS_SEARCH_USER_PATHS = NO;
				CLANG_ANALYZER_NONNULL = YES;
				CLANG_ANALYZER_NUMBER_OBJECT_CONVERSION = YES_AGGRESSIVE;
				CLANG_CXX_LANGUAGE_STANDARD = "gnu++14";
				CLANG_CXX_LIBRARY = "libc++";
				CLANG_ENABLE_MODULES = YES;
				CLANG_ENABLE_OBJC_ARC = YES;
				CLANG_ENABLE_OBJC_WEAK = YES;
				CLANG_WARN_BLOCK_CAPTURE_AUTORELEASING = YES;
				CLANG_WARN_BOOL_CONVERSION = YES;
				CLANG_WARN_COMMA = YES;
				CLANG_WARN_CONSTANT_CONVERSION = YES;
				CLANG_WARN_DEPRECATED_OBJC_IMPLEMENTATIONS = YES;
				CLANG_WARN_DIRECT_OBJC_ISA_USAGE = YES_ERROR;
				CLANG_WARN_DOCUMENTATION_COMMENTS = YES;
				CLANG_WARN_EMPTY_BODY = YES;
				CLANG_WARN_ENUM_CONVERSION = YES;
				CLANG_WARN_INFINITE_RECURSION = YES;
				CLANG_WARN_INT_CONVERSION = YES;
				CLANG_WARN_NON_LITERAL_NULL_CONVERSION = YES;
				CLANG_WARN_OBJC_IMPLICIT_RETAIN_SELF = YES;
				CLANG_WARN_OBJC_LITERAL_CONVERSION = YES;
				CLANG_WARN_OBJC_ROOT_CLASS = YES_ERROR;
				CLANG_WARN_RANGE_LOOP_ANALYSIS = YES;
				CLANG_WARN_STRICT_PROTOTYPES = YES;
				CLANG_WARN_SUSPICIOUS_MOVE = YES;
				CLANG_WARN_UNGUARDED_AVAILABILITY = YES_AGGRESSIVE;
				CLANG_WARN_UNREACHABLE_CODE = YES;
				CLANG_WARN__DUPLICATE_METHOD_MATCH = YES;
				COPY_PHASE_STRIP = NO;
				DEBUG_INFORMATION_FORMAT = "dwarf-with-dsym";
				ENABLE_NS_ASSERTIONS = NO;
				ENABLE_STRICT_OBJC_MSGSEND = YES;
				GCC_C_LANGUAGE_STANDARD = gnu11;
				GCC_NO_COMMON_BLOCKS = YES;
				GCC_WARN_64_TO_32_BIT_CONVERSION = YES;
				GCC_WARN_ABOUT_RETURN_TYPE = YES_ERROR;
				GCC_WARN_UNDECLARED_SELECTOR = YES;
				GCC_WARN_UNINITIALIZED_AUTOS = YES_AGGRESSIVE;
				GCC_WARN_UNUSED_FUNCTION = YES;
				GCC_WARN_UNUSED_VARIABLE = YES;
				IPHONEOS_DEPLOYMENT_TARGET = 13.2;
				MTL_ENABLE_DEBUG_INFO = NO;
				MTL_FAST_MATH = YES;
				SDKROOT = iphoneos;
				SWIFT_COMPILATION_MODE = wholemodule;
				SWIFT_OPTIMIZATION_LEVEL = "-O";
				VALIDATE_PRODUCT = YES;
			};
			name = Release;
		};
		03F8BCDE2405E3B9009FA31D /* Debug */ = {
			isa = XCBuildConfiguration;
			buildSettings = {
				ASSETCATALOG_COMPILER_APPICON_NAME = AppIcon;
				CODE_SIGN_STYLE = Automatic;
				DEVELOPMENT_TEAM = "";
				INFOPLIST_FILE = CityList/Info.plist;
				IPHONEOS_DEPLOYMENT_TARGET = 11.0;
				LD_RUNPATH_SEARCH_PATHS = (
					"$(inherited)",
					"@executable_path/Frameworks",
				);
				PRODUCT_BUNDLE_IDENTIFIER = elano.CityList;
				PRODUCT_NAME = "$(TARGET_NAME)";
				SWIFT_VERSION = 5.0;
				TARGETED_DEVICE_FAMILY = 1;
			};
			name = Debug;
		};
		03F8BCDF2405E3B9009FA31D /* Release */ = {
			isa = XCBuildConfiguration;
			buildSettings = {
				ASSETCATALOG_COMPILER_APPICON_NAME = AppIcon;
				CODE_SIGN_STYLE = Automatic;
				DEVELOPMENT_TEAM = "";
				INFOPLIST_FILE = CityList/Info.plist;
				IPHONEOS_DEPLOYMENT_TARGET = 11.0;
				LD_RUNPATH_SEARCH_PATHS = (
					"$(inherited)",
					"@executable_path/Frameworks",
				);
				PRODUCT_BUNDLE_IDENTIFIER = elano.CityList;
				PRODUCT_NAME = "$(TARGET_NAME)";
				SWIFT_VERSION = 5.0;
				TARGETED_DEVICE_FAMILY = 1;
			};
			name = Release;
		};
		03F8BCE12405E3B9009FA31D /* Debug */ = {
			isa = XCBuildConfiguration;
			buildSettings = {
				ALWAYS_EMBED_SWIFT_STANDARD_LIBRARIES = YES;
				BUNDLE_LOADER = "$(TEST_HOST)";
				CODE_SIGN_STYLE = Automatic;
				DEVELOPMENT_TEAM = N34DA8YYRZ;
				INFOPLIST_FILE = CityListTests/Info.plist;
				IPHONEOS_DEPLOYMENT_TARGET = 13.2;
				LD_RUNPATH_SEARCH_PATHS = (
					"$(inherited)",
					"@executable_path/Frameworks",
					"@loader_path/Frameworks",
				);
				PRODUCT_BUNDLE_IDENTIFIER = elano.CityListTests;
				PRODUCT_NAME = "$(TARGET_NAME)";
				SWIFT_VERSION = 5.0;
				TARGETED_DEVICE_FAMILY = "1,2";
				TEST_HOST = "$(BUILT_PRODUCTS_DIR)/CityList.app/CityList";
			};
			name = Debug;
		};
		03F8BCE22405E3B9009FA31D /* Release */ = {
			isa = XCBuildConfiguration;
			buildSettings = {
				ALWAYS_EMBED_SWIFT_STANDARD_LIBRARIES = YES;
				BUNDLE_LOADER = "$(TEST_HOST)";
				CODE_SIGN_STYLE = Automatic;
				DEVELOPMENT_TEAM = N34DA8YYRZ;
				INFOPLIST_FILE = CityListTests/Info.plist;
				IPHONEOS_DEPLOYMENT_TARGET = 13.2;
				LD_RUNPATH_SEARCH_PATHS = (
					"$(inherited)",
					"@executable_path/Frameworks",
					"@loader_path/Frameworks",
				);
				PRODUCT_BUNDLE_IDENTIFIER = elano.CityListTests;
				PRODUCT_NAME = "$(TARGET_NAME)";
				SWIFT_VERSION = 5.0;
				TARGETED_DEVICE_FAMILY = "1,2";
				TEST_HOST = "$(BUILT_PRODUCTS_DIR)/CityList.app/CityList";
			};
			name = Release;
		};
/* End XCBuildConfiguration section */

/* Begin XCConfigurationList section */
		03F8BCB92405E3B6009FA31D /* Build configuration list for PBXProject "CityList" */ = {
			isa = XCConfigurationList;
			buildConfigurations = (
				03F8BCDB2405E3B9009FA31D /* Debug */,
				03F8BCDC2405E3B9009FA31D /* Release */,
			);
			defaultConfigurationIsVisible = 0;
			defaultConfigurationName = Release;
		};
		03F8BCDD2405E3B9009FA31D /* Build configuration list for PBXNativeTarget "CityList" */ = {
			isa = XCConfigurationList;
			buildConfigurations = (
				03F8BCDE2405E3B9009FA31D /* Debug */,
				03F8BCDF2405E3B9009FA31D /* Release */,
			);
			defaultConfigurationIsVisible = 0;
			defaultConfigurationName = Release;
		};
		03F8BCE02405E3B9009FA31D /* Build configuration list for PBXNativeTarget "CityListTests" */ = {
			isa = XCConfigurationList;
			buildConfigurations = (
				03F8BCE12405E3B9009FA31D /* Debug */,
				03F8BCE22405E3B9009FA31D /* Release */,
			);
			defaultConfigurationIsVisible = 0;
			defaultConfigurationName = Release;
		};
/* End XCConfigurationList section */
	};
	rootObject = 03F8BCB62405E3B6009FA31D /* Project object */;
}
